
Microsoft Visual Studio Solution File, Format Version 12.00
# Visual Studio Version 17
VisualStudioVersion = 17.5.33530.505
MinimumVisualStudioVersion = 10.0.40219.1
Project("{9A19103F-16F7-4668-BE54-9A1E7A4F7556}") = "HanabiLangLib", "HanabiLangLib\HanabiLangLib.csproj", "{3D33DA72-D1D3-4B57-AFA4-B76229D642E8}"
EndProject
Project("{FAE04EC0-301F-11D3-BF4B-00C04F79EFBC}") = "HanabiLang", "HanabiLang\HanabiLang.csproj", "{1AB31F74-3A9A-40BE-8935-184DF146024E}"
EndProject
Project("{FAE04EC0-301F-11D3-BF4B-00C04F79EFBC}") = "HanabiLangTest", "HanabiLangTest\HanabiLangTest.csproj", "{E0213533-001C-4906-88B5-B8081627C432}"
EndProject
Global
	GlobalSection(SolutionConfigurationPlatforms) = preSolution
		Debug|Any CPU = Debug|Any CPU
		Release|Any CPU = Release|Any CPU
	EndGlobalSection
	GlobalSection(ProjectConfigurationPlatforms) = postSolution
		{3D33DA72-D1D3-4B57-AFA4-B76229D642E8}.Debug|Any CPU.ActiveCfg = Debug|Any CPU
		{3D33DA72-D1D3-4B57-AFA4-B76229D642E8}.Debug|Any CPU.Build.0 = Debug|Any CPU
		{3D33DA72-D1D3-4B57-AFA4-B76229D642E8}.Release|Any CPU.ActiveCfg = Release|Any CPU
		{3D33DA72-D1D3-4B57-AFA4-B76229D642E8}.Release|Any CPU.Build.0 = Release|Any CPU
		{1AB31F74-3A9A-40BE-8935-184DF146024E}.Debug|Any CPU.ActiveCfg = Debug|Any CPU
		{1AB31F74-3A9A-40BE-8935-184DF146024E}.Debug|Any CPU.Build.0 = Debug|Any CPU
		{1AB31F74-3A9A-40BE-8935-184DF146024E}.Release|Any CPU.ActiveCfg = Release|Any CPU
		{1AB31F74-3A9A-40BE-8935-184DF146024E}.Release|Any CPU.Build.0 = Release|Any CPU
		{E0213533-001C-4906-88B5-B8081627C432}.Debug|Any CPU.ActiveCfg = Debug|Any CPU
		{E0213533-001C-4906-88B5-B8081627C432}.Debug|Any CPU.Build.0 = Debug|Any CPU
		{E0213533-001C-4906-88B5-B8081627C432}.Release|Any CPU.ActiveCfg = Release|Any CPU
		{E0213533-001C-4906-88B5-B8081627C432}.Release|Any CPU.Build.0 = Release|Any CPU
	EndGlobalSection
	GlobalSection(SolutionProperties) = preSolution
		HideSolutionNode = FALSE
	EndGlobalSection
	GlobalSection(ExtensibilityGlobals) = postSolution
		SolutionGuid = {36480BA9-8CB6-4015-9410-271644CB60D8}
	EndGlobalSection
EndGlobal
